
Microsoft Visual Studio Solution File, Format Version 12.00
# Visual Studio Version 17
VisualStudioVersion = 17.6.33723.286
MinimumVisualStudioVersion = 10.0.40219.1
Project("{FAE04EC0-301F-11D3-BF4B-00C04F79EFBC}") = "Demo_Azure", "Demo_Azure.csproj", "{F4F12F26-090C-4290-B367-CF9BFE304EF0}"
EndProject
Global
	GlobalSection(SolutionConfigurationPlatforms) = preSolution
		Debug|Any CPU = Debug|Any CPU
		Release|Any CPU = Release|Any CPU
	EndGlobalSection
	GlobalSection(ProjectConfigurationPlatforms) = postSolution
		{F4F12F26-090C-4290-B367-CF9BFE304EF0}.Debug|Any CPU.ActiveCfg = Debug|Any CPU
		{F4F12F26-090C-4290-B367-CF9BFE304EF0}.Debug|Any CPU.Build.0 = Debug|Any CPU
		{F4F12F26-090C-4290-B367-CF9BFE304EF0}.Release|Any CPU.ActiveCfg = Release|Any CPU
		{F4F12F26-090C-4290-B367-CF9BFE304EF0}.Release|Any CPU.Build.0 = Release|Any CPU
	EndGlobalSection
	GlobalSection(SolutionProperties) = preSolution
		HideSolutionNode = FALSE
	EndGlobalSection
	GlobalSection(ExtensibilityGlobals) = postSolution
		SolutionGuid = {0042CA85-E937-4E88-B124-9725FE265FAB}
	EndGlobalSection
EndGlobal
